// !$*UTF8*$!
{
	archiveVersion = 1;
	classes = {
	};
	objectVersion = 50;
	objects = {

/* Begin PBXBuildFile section */
		965D257A24D8706D00A12117 /* AppDelegate.swift in Sources */ = {isa = PBXBuildFile; fileRef = 965D257924D8706D00A12117 /* AppDelegate.swift */; };
		965D258324D8706E00A12117 /* Assets.xcassets in Resources */ = {isa = PBXBuildFile; fileRef = 965D258224D8706E00A12117 /* Assets.xcassets */; };
		965D258624D8706E00A12117 /* LaunchScreen.storyboard in Resources */ = {isa = PBXBuildFile; fileRef = 965D258424D8706E00A12117 /* LaunchScreen.storyboard */; };
		965D259124D8706E00A12117 /* IOS_CalculatorTests.swift in Sources */ = {isa = PBXBuildFile; fileRef = 965D259024D8706E00A12117 /* IOS_CalculatorTests.swift */; };
		965D25A524D87C1B00A12117 /* HomeViewController.swift in Sources */ = {isa = PBXBuildFile; fileRef = 965D25A324D87C1B00A12117 /* HomeViewController.swift */; };
		965D25A624D87C1B00A12117 /* HomeViewController.xib in Resources */ = {isa = PBXBuildFile; fileRef = 965D25A424D87C1B00A12117 /* HomeViewController.xib */; };
		9673B65A24DB290900401899 /* UIButtonExtension.swift in Sources */ = {isa = PBXBuildFile; fileRef = 9673B65924DB290900401899 /* UIButtonExtension.swift */; };
/* End PBXBuildFile section */

/* Begin PBXContainerItemProxy section */
		965D258D24D8706E00A12117 /* PBXContainerItemProxy */ = {
			isa = PBXContainerItemProxy;
			containerPortal = 965D256E24D8706D00A12117 /* Project object */;
			proxyType = 1;
			remoteGlobalIDString = 965D257524D8706D00A12117;
			remoteInfo = "IOS-Calculator";
		};
/* End PBXContainerItemProxy section */

/* Begin PBXFileReference section */
		965D257624D8706D00A12117 /* IOS Calculator.app */ = {isa = PBXFileReference; explicitFileType = wrapper.application; includeInIndex = 0; path = "IOS Calculator.app"; sourceTree = BUILT_PRODUCTS_DIR; };
		965D257924D8706D00A12117 /* AppDelegate.swift */ = {isa = PBXFileReference; lastKnownFileType = sourcecode.swift; path = AppDelegate.swift; sourceTree = "<group>"; };
		965D258224D8706E00A12117 /* Assets.xcassets */ = {isa = PBXFileReference; lastKnownFileType = folder.assetcatalog; path = Assets.xcassets; sourceTree = "<group>"; };
		965D258524D8706E00A12117 /* Base */ = {isa = PBXFileReference; lastKnownFileType = file.storyboard; name = Base; path = Base.lproj/LaunchScreen.storyboard; sourceTree = "<group>"; };
		965D258724D8706E00A12117 /* Info.plist */ = {isa = PBXFileReference; lastKnownFileType = text.plist.xml; path = Info.plist; sourceTree = "<group>"; };
		965D258C24D8706E00A12117 /* IOS-CalculatorTests.xctest */ = {isa = PBXFileReference; explicitFileType = wrapper.cfbundle; includeInIndex = 0; path = "IOS-CalculatorTests.xctest"; sourceTree = BUILT_PRODUCTS_DIR; };
		965D259024D8706E00A12117 /* IOS_CalculatorTests.swift */ = {isa = PBXFileReference; lastKnownFileType = sourcecode.swift; path = IOS_CalculatorTests.swift; sourceTree = "<group>"; };
		965D259224D8706E00A12117 /* Info.plist */ = {isa = PBXFileReference; lastKnownFileType = text.plist.xml; path = Info.plist; sourceTree = "<group>"; };
		965D25A324D87C1B00A12117 /* HomeViewController.swift */ = {isa = PBXFileReference; lastKnownFileType = sourcecode.swift; path = HomeViewController.swift; sourceTree = "<group>"; };
		965D25A424D87C1B00A12117 /* HomeViewController.xib */ = {isa = PBXFileReference; lastKnownFileType = file.xib; path = HomeViewController.xib; sourceTree = "<group>"; };
		9673B65924DB290900401899 /* UIButtonExtension.swift */ = {isa = PBXFileReference; lastKnownFileType = sourcecode.swift; path = UIButtonExtension.swift; sourceTree = "<group>"; };
/* End PBXFileReference section */

/* Begin PBXFrameworksBuildPhase section */
		965D257324D8706D00A12117 /* Frameworks */ = {
			isa = PBXFrameworksBuildPhase;
			buildActionMask = 2147483647;
			files = (
			);
			runOnlyForDeploymentPostprocessing = 0;
		};
		965D258924D8706E00A12117 /* Frameworks */ = {
			isa = PBXFrameworksBuildPhase;
			buildActionMask = 2147483647;
			files = (
			);
			runOnlyForDeploymentPostprocessing = 0;
		};
/* End PBXFrameworksBuildPhase section */

/* Begin PBXGroup section */
		965D256D24D8706D00A12117 = {
			isa = PBXGroup;
			children = (
				965D257824D8706D00A12117 /* IOS-Calculator */,
				965D258F24D8706E00A12117 /* IOS-CalculatorTests */,
				965D257724D8706D00A12117 /* Products */,
			);
			sourceTree = "<group>";
		};
		965D257724D8706D00A12117 /* Products */ = {
			isa = PBXGroup;
			children = (
				965D257624D8706D00A12117 /* IOS Calculator.app */,
				965D258C24D8706E00A12117 /* IOS-CalculatorTests.xctest */,
			);
			name = Products;
			sourceTree = "<group>";
		};
		965D257824D8706D00A12117 /* IOS-Calculator */ = {
			isa = PBXGroup;
			children = (
				965D257924D8706D00A12117 /* AppDelegate.swift */,
				965D259F24D87AF200A12117 /* View */,
				965D259E24D8794D00A12117 /* Util */,
				965D259D24D8794600A12117 /* Controller */,
				965D259C24D8794000A12117 /* Model */,
				965D259B24D870F100A12117 /* Supporting Files */,
				965D258224D8706E00A12117 /* Assets.xcassets */,
			);
			path = "IOS-Calculator";
			sourceTree = "<group>";
		};
		965D258F24D8706E00A12117 /* IOS-CalculatorTests */ = {
			isa = PBXGroup;
			children = (
				965D259024D8706E00A12117 /* IOS_CalculatorTests.swift */,
				965D259224D8706E00A12117 /* Info.plist */,
			);
			path = "IOS-CalculatorTests";
			sourceTree = "<group>";
		};
		965D259B24D870F100A12117 /* Supporting Files */ = {
			isa = PBXGroup;
			children = (
				965D258724D8706E00A12117 /* Info.plist */,
			);
			path = "Supporting Files";
			sourceTree = "<group>";
		};
		965D259C24D8794000A12117 /* Model */ = {
			isa = PBXGroup;
			children = (
			);
			path = Model;
			sourceTree = "<group>";
		};
		965D259D24D8794600A12117 /* Controller */ = {
			isa = PBXGroup;
			children = (
				965D25A224D87BD000A12117 /* Home */,
			);
			path = Controller;
			sourceTree = "<group>";
		};
		965D259E24D8794D00A12117 /* Util */ = {
			isa = PBXGroup;
			children = (
				9673B65924DB290900401899 /* UIButtonExtension.swift */,
			);
			path = Util;
			sourceTree = "<group>";
		};
		965D259F24D87AF200A12117 /* View */ = {
			isa = PBXGroup;
			children = (
				965D25A124D87BC000A12117 /* Home */,
				965D25A024D87AFA00A12117 /* Launch */,
			);
			path = View;
			sourceTree = "<group>";
		};
		965D25A024D87AFA00A12117 /* Launch */ = {
			isa = PBXGroup;
			children = (
				965D258424D8706E00A12117 /* LaunchScreen.storyboard */,
			);
			path = Launch;
			sourceTree = "<group>";
		};
		965D25A124D87BC000A12117 /* Home */ = {
			isa = PBXGroup;
			children = (
				965D25A424D87C1B00A12117 /* HomeViewController.xib */,
			);
			path = Home;
			sourceTree = "<group>";
		};
		965D25A224D87BD000A12117 /* Home */ = {
			isa = PBXGroup;
			children = (
				965D25A324D87C1B00A12117 /* HomeViewController.swift */,
			);
			path = Home;
			sourceTree = "<group>";
		};
/* End PBXGroup section */

/* Begin PBXNativeTarget section */
		965D257524D8706D00A12117 /* IOS-Calculator */ = {
			isa = PBXNativeTarget;
			buildConfigurationList = 965D259524D8706E00A12117 /* Build configuration list for PBXNativeTarget "IOS-Calculator" */;
			buildPhases = (
				965D257224D8706D00A12117 /* Sources */,
				965D257324D8706D00A12117 /* Frameworks */,
				965D257424D8706D00A12117 /* Resources */,
			);
			buildRules = (
			);
			dependencies = (
			);
			name = "IOS-Calculator";
			productName = "IOS-Calculator";
			productReference = 965D257624D8706D00A12117 /* IOS Calculator.app */;
			productType = "com.apple.product-type.application";
		};
		965D258B24D8706E00A12117 /* IOS-CalculatorTests */ = {
			isa = PBXNativeTarget;
			buildConfigurationList = 965D259824D8706E00A12117 /* Build configuration list for PBXNativeTarget "IOS-CalculatorTests" */;
			buildPhases = (
				965D258824D8706E00A12117 /* Sources */,
				965D258924D8706E00A12117 /* Frameworks */,
				965D258A24D8706E00A12117 /* Resources */,
			);
			buildRules = (
			);
			dependencies = (
				965D258E24D8706E00A12117 /* PBXTargetDependency */,
			);
			name = "IOS-CalculatorTests";
			productName = "IOS-CalculatorTests";
			productReference = 965D258C24D8706E00A12117 /* IOS-CalculatorTests.xctest */;
			productType = "com.apple.product-type.bundle.unit-test";
		};
/* End PBXNativeTarget section */

/* Begin PBXProject section */
		965D256E24D8706D00A12117 /* Project object */ = {
			isa = PBXProject;
			attributes = {
				LastSwiftUpdateCheck = 1160;
				LastUpgradeCheck = 1160;
				ORGANIZATIONNAME = "Immanuel Díaz";
				TargetAttributes = {
					965D257524D8706D00A12117 = {
						CreatedOnToolsVersion = 11.6;
					};
					965D258B24D8706E00A12117 = {
						CreatedOnToolsVersion = 11.6;
						TestTargetID = 965D257524D8706D00A12117;
					};
				};
			};
			buildConfigurationList = 965D257124D8706D00A12117 /* Build configuration list for PBXProject "IOS-Calculator" */;
			compatibilityVersion = "Xcode 9.3";
			developmentRegion = en;
			hasScannedForEncodings = 0;
			knownRegions = (
				en,
				Base,
			);
			mainGroup = 965D256D24D8706D00A12117;
			productRefGroup = 965D257724D8706D00A12117 /* Products */;
			projectDirPath = "";
			projectRoot = "";
			targets = (
				965D257524D8706D00A12117 /* IOS-Calculator */,
				965D258B24D8706E00A12117 /* IOS-CalculatorTests */,
			);
		};
/* End PBXProject section */

/* Begin PBXResourcesBuildPhase section */
		965D257424D8706D00A12117 /* Resources */ = {
			isa = PBXResourcesBuildPhase;
			buildActionMask = 2147483647;
			files = (
				965D258624D8706E00A12117 /* LaunchScreen.storyboard in Resources */,
				965D258324D8706E00A12117 /* Assets.xcassets in Resources */,
				965D25A624D87C1B00A12117 /* HomeViewController.xib in Resources */,
			);
			runOnlyForDeploymentPostprocessing = 0;
		};
		965D258A24D8706E00A12117 /* Resources */ = {
			isa = PBXResourcesBuildPhase;
			buildActionMask = 2147483647;
			files = (
			);
			runOnlyForDeploymentPostprocessing = 0;
		};
/* End PBXResourcesBuildPhase section */

/* Begin PBXSourcesBuildPhase section */
		965D257224D8706D00A12117 /* Sources */ = {
			isa = PBXSourcesBuildPhase;
			buildActionMask = 2147483647;
			files = (
				965D257A24D8706D00A12117 /* AppDelegate.swift in Sources */,
				965D25A524D87C1B00A12117 /* HomeViewController.swift in Sources */,
				9673B65A24DB290900401899 /* UIButtonExtension.swift in Sources */,
			);
			runOnlyForDeploymentPostprocessing = 0;
		};
		965D258824D8706E00A12117 /* Sources */ = {
			isa = PBXSourcesBuildPhase;
			buildActionMask = 2147483647;
			files = (
				965D259124D8706E00A12117 /* IOS_CalculatorTests.swift in Sources */,
			);
			runOnlyForDeploymentPostprocessing = 0;
		};
/* End PBXSourcesBuildPhase section */

/* Begin PBXTargetDependency section */
		965D258E24D8706E00A12117 /* PBXTargetDependency */ = {
			isa = PBXTargetDependency;
			target = 965D257524D8706D00A12117 /* IOS-Calculator */;
			targetProxy = 965D258D24D8706E00A12117 /* PBXContainerItemProxy */;
		};
/* End PBXTargetDependency section */

/* Begin PBXVariantGroup section */
		965D258424D8706E00A12117 /* LaunchScreen.storyboard */ = {
			isa = PBXVariantGroup;
			children = (
				965D258524D8706E00A12117 /* Base */,
			);
			name = LaunchScreen.storyboard;
			sourceTree = "<group>";
		};
/* End PBXVariantGroup section */

/* Begin XCBuildConfiguration section */
		965D259324D8706E00A12117 /* Debug */ = {
			isa = XCBuildConfiguration;
			buildSettings = {
				ALWAYS_SEARCH_USER_PATHS = NO;
				CLANG_ANALYZER_NONNULL = YES;
				CLANG_ANALYZER_NUMBER_OBJECT_CONVERSION = YES_AGGRESSIVE;
				CLANG_CXX_LANGUAGE_STANDARD = "gnu++14";
				CLANG_CXX_LIBRARY = "libc++";
				CLANG_ENABLE_MODULES = YES;
				CLANG_ENABLE_OBJC_ARC = YES;
				CLANG_ENABLE_OBJC_WEAK = YES;
				CLANG_WARN_BLOCK_CAPTURE_AUTORELEASING = YES;
				CLANG_WARN_BOOL_CONVERSION = YES;
				CLANG_WARN_COMMA = YES;
				CLANG_WARN_CONSTANT_CONVERSION = YES;
				CLANG_WARN_DEPRECATED_OBJC_IMPLEMENTATIONS = YES;
				CLANG_WARN_DIRECT_OBJC_ISA_USAGE = YES_ERROR;
				CLANG_WARN_DOCUMENTATION_COMMENTS = YES;
				CLANG_WARN_EMPTY_BODY = YES;
				CLANG_WARN_ENUM_CONVERSION = YES;
				CLANG_WARN_INFINITE_RECURSION = YES;
				CLANG_WARN_INT_CONVERSION = YES;
				CLANG_WARN_NON_LITERAL_NULL_CONVERSION = YES;
				CLANG_WARN_OBJC_IMPLICIT_RETAIN_SELF = YES;
				CLANG_WARN_OBJC_LITERAL_CONVERSION = YES;
				CLANG_WARN_OBJC_ROOT_CLASS = YES_ERROR;
				CLANG_WARN_RANGE_LOOP_ANALYSIS = YES;
				CLANG_WARN_STRICT_PROTOTYPES = YES;
				CLANG_WARN_SUSPICIOUS_MOVE = YES;
				CLANG_WARN_UNGUARDED_AVAILABILITY = YES_AGGRESSIVE;
				CLANG_WARN_UNREACHABLE_CODE = YES;
				CLANG_WARN__DUPLICATE_METHOD_MATCH = YES;
				COPY_PHASE_STRIP = NO;
				DEBUG_INFORMATION_FORMAT = dwarf;
				ENABLE_STRICT_OBJC_MSGSEND = YES;
				ENABLE_TESTABILITY = YES;
				GCC_C_LANGUAGE_STANDARD = gnu11;
				GCC_DYNAMIC_NO_PIC = NO;
				GCC_NO_COMMON_BLOCKS = YES;
				GCC_OPTIMIZATION_LEVEL = 0;
				GCC_PREPROCESSOR_DEFINITIONS = (
					"DEBUG=1",
					"$(inherited)",
				);
				GCC_WARN_64_TO_32_BIT_CONVERSION = YES;
				GCC_WARN_ABOUT_RETURN_TYPE = YES_ERROR;
				GCC_WARN_UNDECLARED_SELECTOR = YES;
				GCC_WARN_UNINITIALIZED_AUTOS = YES_AGGRESSIVE;
				GCC_WARN_UNUSED_FUNCTION = YES;
				GCC_WARN_UNUSED_VARIABLE = YES;
				INFOPLIST_FILE = "IOS-Calculator/Supporting Files/Info.plist";
				IPHONEOS_DEPLOYMENT_TARGET = 10.0;
				MTL_ENABLE_DEBUG_INFO = INCLUDE_SOURCE;
				MTL_FAST_MATH = YES;
				ONLY_ACTIVE_ARCH = YES;
				SDKROOT = iphoneos;
				SWIFT_ACTIVE_COMPILATION_CONDITIONS = DEBUG;
				SWIFT_OPTIMIZATION_LEVEL = "-Onone";
			};
			name = Debug;
		};
		965D259424D8706E00A12117 /* Release */ = {
			isa = XCBuildConfiguration;
			buildSettings = {
				ALWAYS_SEARCH_USER_PATHS = NO;
				CLANG_ANALYZER_NONNULL = YES;
				CLANG_ANALYZER_NUMBER_OBJECT_CONVERSION = YES_AGGRESSIVE;
				CLANG_CXX_LANGUAGE_STANDARD = "gnu++14";
				CLANG_CXX_LIBRARY = "libc++";
				CLANG_ENABLE_MODULES = YES;
				CLANG_ENABLE_OBJC_ARC = YES;
				CLANG_ENABLE_OBJC_WEAK = YES;
				CLANG_WARN_BLOCK_CAPTURE_AUTORELEASING = YES;
				CLANG_WARN_BOOL_CONVERSION = YES;
				CLANG_WARN_COMMA = YES;
				CLANG_WARN_CONSTANT_CONVERSION = YES;
				CLANG_WARN_DEPRECATED_OBJC_IMPLEMENTATIONS = YES;
				CLANG_WARN_DIRECT_OBJC_ISA_USAGE = YES_ERROR;
				CLANG_WARN_DOCUMENTATION_COMMENTS = YES;
				CLANG_WARN_EMPTY_BODY = YES;
				CLANG_WARN_ENUM_CONVERSION = YES;
				CLANG_WARN_INFINITE_RECURSION = YES;
				CLANG_WARN_INT_CONVERSION = YES;
				CLANG_WARN_NON_LITERAL_NULL_CONVERSION = YES;
				CLANG_WARN_OBJC_IMPLICIT_RETAIN_SELF = YES;
				CLANG_WARN_OBJC_LITERAL_CONVERSION = YES;
				CLANG_WARN_OBJC_ROOT_CLASS = YES_ERROR;
				CLANG_WARN_RANGE_LOOP_ANALYSIS = YES;
				CLANG_WARN_STRICT_PROTOTYPES = YES;
				CLANG_WARN_SUSPICIOUS_MOVE = YES;
				CLANG_WARN_UNGUARDED_AVAILABILITY = YES_AGGRESSIVE;
				CLANG_WARN_UNREACHABLE_CODE = YES;
				CLANG_WARN__DUPLICATE_METHOD_MATCH = YES;
				COPY_PHASE_STRIP = NO;
				DEBUG_INFORMATION_FORMAT = "dwarf-with-dsym";
				ENABLE_NS_ASSERTIONS = NO;
				ENABLE_STRICT_OBJC_MSGSEND = YES;
				GCC_C_LANGUAGE_STANDARD = gnu11;
				GCC_NO_COMMON_BLOCKS = YES;
				GCC_WARN_64_TO_32_BIT_CONVERSION = YES;
				GCC_WARN_ABOUT_RETURN_TYPE = YES_ERROR;
				GCC_WARN_UNDECLARED_SELECTOR = YES;
				GCC_WARN_UNINITIALIZED_AUTOS = YES_AGGRESSIVE;
				GCC_WARN_UNUSED_FUNCTION = YES;
				GCC_WARN_UNUSED_VARIABLE = YES;
				INFOPLIST_FILE = "IOS-Calculator/Supporting Files/Info.plist";
				IPHONEOS_DEPLOYMENT_TARGET = 10.0;
				MTL_ENABLE_DEBUG_INFO = NO;
				MTL_FAST_MATH = YES;
				SDKROOT = iphoneos;
				SWIFT_COMPILATION_MODE = wholemodule;
				SWIFT_OPTIMIZATION_LEVEL = "-O";
				VALIDATE_PRODUCT = YES;
			};
			name = Release;
		};
		965D259624D8706E00A12117 /* Debug */ = {
			isa = XCBuildConfiguration;
			buildSettings = {
				ASSETCATALOG_COMPILER_APPICON_NAME = AppIcon;
				CODE_SIGN_STYLE = Automatic;
				INFOPLIST_FILE = "IOS-Calculator/Supporting Files/Info.plist";
				LD_RUNPATH_SEARCH_PATHS = (
					"$(inherited)",
					"@executable_path/Frameworks",
				);
				PRODUCT_BUNDLE_IDENTIFIER = "imadiaz.IOS-Calculator";
				PRODUCT_NAME = "IOS Calculator";
				SWIFT_VERSION = 5.0;
				TARGETED_DEVICE_FAMILY = "1,2";
			};
			name = Debug;
		};
		965D259724D8706E00A12117 /* Release */ = {
			isa = XCBuildConfiguration;
			buildSettings = {
				ASSETCATALOG_COMPILER_APPICON_NAME = AppIcon;
				CODE_SIGN_STYLE = Automatic;
				INFOPLIST_FILE = "IOS-Calculator/Supporting Files/Info.plist";
				LD_RUNPATH_SEARCH_PATHS = (
					"$(inherited)",
					"@executable_path/Frameworks",
				);
				PRODUCT_BUNDLE_IDENTIFIER = "imadiaz.IOS-Calculator";
				PRODUCT_NAME = "IOS Calculator";
				SWIFT_VERSION = 5.0;
				TARGETED_DEVICE_FAMILY = "1,2";
			};
			name = Release;
		};
		965D259924D8706E00A12117 /* Debug */ = {
			isa = XCBuildConfiguration;
			buildSettings = {
				ALWAYS_EMBED_SWIFT_STANDARD_LIBRARIES = YES;
				BUNDLE_LOADER = "$(TEST_HOST)";
				CODE_SIGN_STYLE = Automatic;
				INFOPLIST_FILE = "IOS-CalculatorTests/Info.plist";
				IPHONEOS_DEPLOYMENT_TARGET = 13.6;
				LD_RUNPATH_SEARCH_PATHS = (
					"$(inherited)",
					"@executable_path/Frameworks",
					"@loader_path/Frameworks",
				);
				PRODUCT_BUNDLE_IDENTIFIER = "imadiaz.IOS-CalculatorTests";
				PRODUCT_NAME = "$(TARGET_NAME)";
				SWIFT_VERSION = 5.0;
				TARGETED_DEVICE_FAMILY = "1,2";
				TEST_HOST = "$(BUILT_PRODUCTS_DIR)/IOS-Calculator.app/IOS-Calculator";
			};
			name = Debug;
		};
		965D259A24D8706E00A12117 /* Release */ = {
			isa = XCBuildConfiguration;
			buildSettings = {
				ALWAYS_EMBED_SWIFT_STANDARD_LIBRARIES = YES;
				BUNDLE_LOADER = "$(TEST_HOST)";
				CODE_SIGN_STYLE = Automatic;
				INFOPLIST_FILE = "IOS-CalculatorTests/Info.plist";
				IPHONEOS_DEPLOYMENT_TARGET = 13.6;
				LD_RUNPATH_SEARCH_PATHS = (
					"$(inherited)",
					"@executable_path/Frameworks",
					"@loader_path/Frameworks",
				);
				PRODUCT_BUNDLE_IDENTIFIER = "imadiaz.IOS-CalculatorTests";
				PRODUCT_NAME = "$(TARGET_NAME)";
				SWIFT_VERSION = 5.0;
				TARGETED_DEVICE_FAMILY = "1,2";
				TEST_HOST = "$(BUILT_PRODUCTS_DIR)/IOS-Calculator.app/IOS-Calculator";
			};
			name = Release;
		};
/* End XCBuildConfiguration section */

/* Begin XCConfigurationList section */
		965D257124D8706D00A12117 /* Build configuration list for PBXProject "IOS-Calculator" */ = {
			isa = XCConfigurationList;
			buildConfigurations = (
				965D259324D8706E00A12117 /* Debug */,
				965D259424D8706E00A12117 /* Release */,
			);
			defaultConfigurationIsVisible = 0;
			defaultConfigurationName = Release;
		};
		965D259524D8706E00A12117 /* Build configuration list for PBXNativeTarget "IOS-Calculator" */ = {
			isa = XCConfigurationList;
			buildConfigurations = (
				965D259624D8706E00A12117 /* Debug */,
				965D259724D8706E00A12117 /* Release */,
			);
			defaultConfigurationIsVisible = 0;
			defaultConfigurationName = Release;
		};
		965D259824D8706E00A12117 /* Build configuration list for PBXNativeTarget "IOS-CalculatorTests" */ = {
			isa = XCConfigurationList;
			buildConfigurations = (
				965D259924D8706E00A12117 /* Debug */,
				965D259A24D8706E00A12117 /* Release */,
			);
			defaultConfigurationIsVisible = 0;
			defaultConfigurationName = Release;
		};
/* End XCConfigurationList section */
	};
	rootObject = 965D256E24D8706D00A12117 /* Project object */;
}
